
Microsoft Visual Studio Solution File, Format Version 12.00
# Visual Studio Version 17
VisualStudioVersion = 17.14.37111.16 d17.14
MinimumVisualStudioVersion = 10.0.40219.1
Project("{FAE04EC0-301F-11D3-BF4B-00C04F79EFBC}") = "HW_2", "HW_2\HW_2.csproj", "{5743263B-AF69-4FDF-8538-F2539E117E8A}"
EndProject
Global
	GlobalSection(SolutionConfigurationPlatforms) = preSolution
		Debug|Any CPU = Debug|Any CPU
		Release|Any CPU = Release|Any CPU
	EndGlobalSection
	GlobalSection(ProjectConfigurationPlatforms) = postSolution
		{5743263B-AF69-4FDF-8538-F2539E117E8A}.Debug|Any CPU.ActiveCfg = Debug|Any CPU
		{5743263B-AF69-4FDF-8538-F2539E117E8A}.Debug|Any CPU.Build.0 = Debug|Any CPU
		{5743263B-AF69-4FDF-8538-F2539E117E8A}.Release|Any CPU.ActiveCfg = Release|Any CPU
		{5743263B-AF69-4FDF-8538-F2539E117E8A}.Release|Any CPU.Build.0 = Release|Any CPU
	EndGlobalSection
	GlobalSection(SolutionProperties) = preSolution
		HideSolutionNode = FALSE
	EndGlobalSection
	GlobalSection(ExtensibilityGlobals) = postSolution
		SolutionGuid = {1811D3E4-B75C-464D-A367-C64164B8CF36}
	EndGlobalSection
EndGlobal
